
Microsoft Visual Studio Solution File, Format Version 12.00
# Visual Studio Version 16
VisualStudioVersion = 16.0.32002.261
MinimumVisualStudioVersion = 10.0.40219.1
Project("{FAE04EC0-301F-11D3-BF4B-00C04F79EFBC}") = "ExampleGetCurrenTime", "ExampleGetCurrenTime\ExampleGetCurrenTime.csproj", "{88DCB1CA-A7B2-46A8-AEAB-34E3A5EE089A}"
EndProject
Global
	GlobalSection(SolutionConfigurationPlatforms) = preSolution
		Debug|Any CPU = Debug|Any CPU
		Release|Any CPU = Release|Any CPU
	EndGlobalSection
	GlobalSection(ProjectConfigurationPlatforms) = postSolution
		{88DCB1CA-A7B2-46A8-AEAB-34E3A5EE089A}.Debug|Any CPU.ActiveCfg = Debug|Any CPU
		{88DCB1CA-A7B2-46A8-AEAB-34E3A5EE089A}.Debug|Any CPU.Build.0 = Debug|Any CPU
		{88DCB1CA-A7B2-46A8-AEAB-34E3A5EE089A}.Release|Any CPU.ActiveCfg = Release|Any CPU
		{88DCB1CA-A7B2-46A8-AEAB-34E3A5EE089A}.Release|Any CPU.Build.0 = Release|Any CPU
	EndGlobalSection
	GlobalSection(SolutionProperties) = preSolution
		HideSolutionNode = FALSE
	EndGlobalSection
	GlobalSection(ExtensibilityGlobals) = postSolution
		SolutionGuid = {CE42F239-4EB9-420B-8B28-73A6954AA792}
	EndGlobalSection
EndGlobal
