
Microsoft Visual Studio Solution File, Format Version 12.00
# Visual Studio Version 16
VisualStudioVersion = 16.0.32002.261
MinimumVisualStudioVersion = 10.0.40219.1
Project("{FAE04EC0-301F-11D3-BF4B-00C04F79EFBC}") = "Ejemplo1While", "Ejemplo1While\Ejemplo1While.csproj", "{672EB88B-61F5-4683-A25B-8A11229C9EAF}"
EndProject
Global
	GlobalSection(SolutionConfigurationPlatforms) = preSolution
		Debug|Any CPU = Debug|Any CPU
		Release|Any CPU = Release|Any CPU
	EndGlobalSection
	GlobalSection(ProjectConfigurationPlatforms) = postSolution
		{672EB88B-61F5-4683-A25B-8A11229C9EAF}.Debug|Any CPU.ActiveCfg = Debug|Any CPU
		{672EB88B-61F5-4683-A25B-8A11229C9EAF}.Debug|Any CPU.Build.0 = Debug|Any CPU
		{672EB88B-61F5-4683-A25B-8A11229C9EAF}.Release|Any CPU.ActiveCfg = Release|Any CPU
		{672EB88B-61F5-4683-A25B-8A11229C9EAF}.Release|Any CPU.Build.0 = Release|Any CPU
	EndGlobalSection
	GlobalSection(SolutionProperties) = preSolution
		HideSolutionNode = FALSE
	EndGlobalSection
	GlobalSection(ExtensibilityGlobals) = postSolution
		SolutionGuid = {7901D8CF-3254-4684-8B52-64E54458072C}
	EndGlobalSection
EndGlobal
