
Microsoft Visual Studio Solution File, Format Version 12.00
# Visual Studio Version 16
VisualStudioVersion = 16.0.32002.261
MinimumVisualStudioVersion = 10.0.40219.1
Project("{FAE04EC0-301F-11D3-BF4B-00C04F79EFBC}") = "ProbandoAspReadRedux", "ProbandoAspReadRedux.csproj", "{22D470C8-DF73-4382-9976-51A7B399B142}"
EndProject
Global
	GlobalSection(SolutionConfigurationPlatforms) = preSolution
		Debug|Any CPU = Debug|Any CPU
		Release|Any CPU = Release|Any CPU
	EndGlobalSection
	GlobalSection(ProjectConfigurationPlatforms) = postSolution
		{22D470C8-DF73-4382-9976-51A7B399B142}.Debug|Any CPU.ActiveCfg = Debug|Any CPU
		{22D470C8-DF73-4382-9976-51A7B399B142}.Debug|Any CPU.Build.0 = Debug|Any CPU
		{22D470C8-DF73-4382-9976-51A7B399B142}.Release|Any CPU.ActiveCfg = Release|Any CPU
		{22D470C8-DF73-4382-9976-51A7B399B142}.Release|Any CPU.Build.0 = Release|Any CPU
	EndGlobalSection
	GlobalSection(SolutionProperties) = preSolution
		HideSolutionNode = FALSE
	EndGlobalSection
	GlobalSection(ExtensibilityGlobals) = postSolution
		SolutionGuid = {863590D3-D2A9-455E-B620-59C0D6B6BCAC}
	EndGlobalSection
EndGlobal
